
Microsoft Visual Studio Solution File, Format Version 12.00
# Visual Studio Version 16
VisualStudioVersion = 16.0.30011.22
MinimumVisualStudioVersion = 10.0.40219.1
Project("{FAE04EC0-301F-11D3-BF4B-00C04F79EFBC}") = "PW Aula", "PW Aula\PW Aula.csproj", "{E8684149-B1E8-4D90-9526-72E3C08CC45A}"
EndProject
Global
	GlobalSection(SolutionConfigurationPlatforms) = preSolution
		Debug|Any CPU = Debug|Any CPU
		Release|Any CPU = Release|Any CPU
	EndGlobalSection
	GlobalSection(ProjectConfigurationPlatforms) = postSolution
		{E8684149-B1E8-4D90-9526-72E3C08CC45A}.Debug|Any CPU.ActiveCfg = Debug|Any CPU
		{E8684149-B1E8-4D90-9526-72E3C08CC45A}.Debug|Any CPU.Build.0 = Debug|Any CPU
		{E8684149-B1E8-4D90-9526-72E3C08CC45A}.Release|Any CPU.ActiveCfg = Release|Any CPU
		{E8684149-B1E8-4D90-9526-72E3C08CC45A}.Release|Any CPU.Build.0 = Release|Any CPU
	EndGlobalSection
	GlobalSection(SolutionProperties) = preSolution
		HideSolutionNode = FALSE
	EndGlobalSection
	GlobalSection(ExtensibilityGlobals) = postSolution
		SolutionGuid = {5C514DAC-D76E-4C59-8B9B-C3FCD53CCD9C}
	EndGlobalSection
EndGlobal
